
Microsoft Visual Studio Solution File, Format Version 12.00
# Visual Studio Version 17
VisualStudioVersion = 17.9.34723.18
MinimumVisualStudioVersion = 10.0.40219.1
Project("{FAE04EC0-301F-11D3-BF4B-00C04F79EFBC}") = "pryVargasAppRegistroVenta", "pryVargasAppRegistroVenta\pryVargasAppRegistroVenta.csproj", "{0BDB1461-1208-4EF9-AF87-B77A6375D997}"
EndProject
Global
	GlobalSection(SolutionConfigurationPlatforms) = preSolution
		Debug|Any CPU = Debug|Any CPU
		Release|Any CPU = Release|Any CPU
	EndGlobalSection
	GlobalSection(ProjectConfigurationPlatforms) = postSolution
		{0BDB1461-1208-4EF9-AF87-B77A6375D997}.Debug|Any CPU.ActiveCfg = Debug|Any CPU
		{0BDB1461-1208-4EF9-AF87-B77A6375D997}.Debug|Any CPU.Build.0 = Debug|Any CPU
		{0BDB1461-1208-4EF9-AF87-B77A6375D997}.Release|Any CPU.ActiveCfg = Release|Any CPU
		{0BDB1461-1208-4EF9-AF87-B77A6375D997}.Release|Any CPU.Build.0 = Release|Any CPU
	EndGlobalSection
	GlobalSection(SolutionProperties) = preSolution
		HideSolutionNode = FALSE
	EndGlobalSection
	GlobalSection(ExtensibilityGlobals) = postSolution
		SolutionGuid = {B5A5FDB8-4BE8-4FCD-8625-020873BC7A74}
	EndGlobalSection
EndGlobal
